// !$*UTF8*$!
{
	archiveVersion = 1;
	classes = {
	};
	objectVersion = 51;
	objects = {

/* Begin PBXBuildFile section */
		1EE5B7606271A3D69D3D4F67 /* Pods_FruityServer.framework in Frameworks */ = {isa = PBXBuildFile; fileRef = A7CB485A9C5157AB993070C0 /* Pods_FruityServer.framework */; };
		A0ADA4AE244D2A0200FEAA12 /* AppDelegate.swift in Sources */ = {isa = PBXBuildFile; fileRef = A0ADA4AD244D2A0200FEAA12 /* AppDelegate.swift */; };
		A0ADA4BC244D2AEF00FEAA12 /* main.swift in Sources */ = {isa = PBXBuildFile; fileRef = A0ADA4BB244D2AEF00FEAA12 /* main.swift */; };
		A0ADA4C3244D384200FEAA12 /* FruityKit.framework in Frameworks */ = {isa = PBXBuildFile; fileRef = A0ADA4BD244D2CE100FEAA12 /* FruityKit.framework */; };
		A0ADA4C4244D384200FEAA12 /* FruityKit.framework in Embed Frameworks */ = {isa = PBXBuildFile; fileRef = A0ADA4BD244D2CE100FEAA12 /* FruityKit.framework */; settings = {ATTRIBUTES = (CodeSignOnCopy, RemoveHeadersOnCopy, ); }; };
/* End PBXBuildFile section */

/* Begin PBXCopyFilesBuildPhase section */
		A0ADA4C5244D384200FEAA12 /* Embed Frameworks */ = {
			isa = PBXCopyFilesBuildPhase;
			buildActionMask = 2147483647;
			dstPath = "";
			dstSubfolderSpec = 10;
			files = (
				A0ADA4C4244D384200FEAA12 /* FruityKit.framework in Embed Frameworks */,
			);
			name = "Embed Frameworks";
			runOnlyForDeploymentPostprocessing = 0;
		};
/* End PBXCopyFilesBuildPhase section */

/* Begin PBXFileReference section */
		12A50794AC9E94261D1EC461 /* Pods-FruityServer.debug.xcconfig */ = {isa = PBXFileReference; includeInIndex = 1; lastKnownFileType = text.xcconfig; name = "Pods-FruityServer.debug.xcconfig"; path = "Target Support Files/Pods-FruityServer/Pods-FruityServer.debug.xcconfig"; sourceTree = "<group>"; };
		A0ADA4AA244D2A0200FEAA12 /* FruityServer.app */ = {isa = PBXFileReference; explicitFileType = wrapper.application; includeInIndex = 0; path = FruityServer.app; sourceTree = BUILT_PRODUCTS_DIR; };
		A0ADA4AD244D2A0200FEAA12 /* AppDelegate.swift */ = {isa = PBXFileReference; lastKnownFileType = sourcecode.swift; path = AppDelegate.swift; sourceTree = "<group>"; };
		A0ADA4B4244D2A0300FEAA12 /* Info.plist */ = {isa = PBXFileReference; lastKnownFileType = text.plist.xml; path = Info.plist; sourceTree = "<group>"; };
		A0ADA4B5244D2A0300FEAA12 /* FruityServer.entitlements */ = {isa = PBXFileReference; lastKnownFileType = text.plist.entitlements; path = FruityServer.entitlements; sourceTree = "<group>"; };
		A0ADA4BB244D2AEF00FEAA12 /* main.swift */ = {isa = PBXFileReference; lastKnownFileType = sourcecode.swift; path = main.swift; sourceTree = "<group>"; };
		A0ADA4BD244D2CE100FEAA12 /* FruityKit.framework */ = {isa = PBXFileReference; lastKnownFileType = wrapper.framework; name = FruityKit.framework; path = Carthage/Build/Mac/FruityKit.framework; sourceTree = "<group>"; };
		A7CB485A9C5157AB993070C0 /* Pods_FruityServer.framework */ = {isa = PBXFileReference; explicitFileType = wrapper.framework; includeInIndex = 0; path = Pods_FruityServer.framework; sourceTree = BUILT_PRODUCTS_DIR; };
		AB5710DAD3169C775CB0C9FD /* Pods-FruityServer.release.xcconfig */ = {isa = PBXFileReference; includeInIndex = 1; lastKnownFileType = text.xcconfig; name = "Pods-FruityServer.release.xcconfig"; path = "Target Support Files/Pods-FruityServer/Pods-FruityServer.release.xcconfig"; sourceTree = "<group>"; };
/* End PBXFileReference section */

/* Begin PBXFrameworksBuildPhase section */
		A0ADA4A7244D2A0200FEAA12 /* Frameworks */ = {
			isa = PBXFrameworksBuildPhase;
			buildActionMask = 2147483647;
			files = (
				A0ADA4C3244D384200FEAA12 /* FruityKit.framework in Frameworks */,
				1EE5B7606271A3D69D3D4F67 /* Pods_FruityServer.framework in Frameworks */,
			);
			runOnlyForDeploymentPostprocessing = 0;
		};
/* End PBXFrameworksBuildPhase section */

/* Begin PBXGroup section */
		3A6B9BB99C3DC0E802E80A13 /* Frameworks */ = {
			isa = PBXGroup;
			children = (
				A0ADA4BD244D2CE100FEAA12 /* FruityKit.framework */,
				A7CB485A9C5157AB993070C0 /* Pods_FruityServer.framework */,
			);
			name = Frameworks;
			sourceTree = "<group>";
		};
		4174031BFC24E2607E37FB70 /* Pods */ = {
			isa = PBXGroup;
			children = (
				12A50794AC9E94261D1EC461 /* Pods-FruityServer.debug.xcconfig */,
				AB5710DAD3169C775CB0C9FD /* Pods-FruityServer.release.xcconfig */,
			);
			path = Pods;
			sourceTree = "<group>";
		};
		A0ADA4A1244D2A0200FEAA12 = {
			isa = PBXGroup;
			children = (
				A0ADA4AC244D2A0200FEAA12 /* FruityServer */,
				A0ADA4AB244D2A0200FEAA12 /* Products */,
				4174031BFC24E2607E37FB70 /* Pods */,
				3A6B9BB99C3DC0E802E80A13 /* Frameworks */,
			);
			sourceTree = "<group>";
		};
		A0ADA4AB244D2A0200FEAA12 /* Products */ = {
			isa = PBXGroup;
			children = (
				A0ADA4AA244D2A0200FEAA12 /* FruityServer.app */,
			);
			name = Products;
			sourceTree = "<group>";
		};
		A0ADA4AC244D2A0200FEAA12 /* FruityServer */ = {
			isa = PBXGroup;
			children = (
				A0ADA4AD244D2A0200FEAA12 /* AppDelegate.swift */,
				A0ADA4BB244D2AEF00FEAA12 /* main.swift */,
				A0ADA4B4244D2A0300FEAA12 /* Info.plist */,
				A0ADA4B5244D2A0300FEAA12 /* FruityServer.entitlements */,
			);
			path = FruityServer;
			sourceTree = "<group>";
		};
/* End PBXGroup section */

/* Begin PBXNativeTarget section */
		A0ADA4A9244D2A0200FEAA12 /* FruityServer */ = {
			isa = PBXNativeTarget;
			buildConfigurationList = A0ADA4B8244D2A0300FEAA12 /* Build configuration list for PBXNativeTarget "FruityServer" */;
			buildPhases = (
				B0462217ED83CEFFAF035F29 /* [CP] Check Pods Manifest.lock */,
				A0ADA4A6244D2A0200FEAA12 /* Sources */,
				A0ADA4A7244D2A0200FEAA12 /* Frameworks */,
				A0ADA4A8244D2A0200FEAA12 /* Resources */,
				FBEB74DF891BE7A43697AB0F /* [CP] Embed Pods Frameworks */,
				A0ADA4C5244D384200FEAA12 /* Embed Frameworks */,
			);
			buildRules = (
			);
			dependencies = (
			);
			name = FruityServer;
			productName = FruityServer;
			productReference = A0ADA4AA244D2A0200FEAA12 /* FruityServer.app */;
			productType = "com.apple.product-type.application";
		};
/* End PBXNativeTarget section */

/* Begin PBXProject section */
		A0ADA4A2244D2A0200FEAA12 /* Project object */ = {
			isa = PBXProject;
			attributes = {
				LastSwiftUpdateCheck = 1140;
				LastUpgradeCheck = 1140;
				ORGANIZATIONNAME = "Eduardo Almeida";
				TargetAttributes = {
					A0ADA4A9244D2A0200FEAA12 = {
						CreatedOnToolsVersion = 11.4.1;
					};
				};
			};
			buildConfigurationList = A0ADA4A5244D2A0200FEAA12 /* Build configuration list for PBXProject "FruityServer" */;
			compatibilityVersion = "Xcode 9.3";
			developmentRegion = en;
			hasScannedForEncodings = 0;
			knownRegions = (
				en,
				Base,
			);
			mainGroup = A0ADA4A1244D2A0200FEAA12;
			productRefGroup = A0ADA4AB244D2A0200FEAA12 /* Products */;
			projectDirPath = "";
			projectRoot = "";
			targets = (
				A0ADA4A9244D2A0200FEAA12 /* FruityServer */,
			);
		};
/* End PBXProject section */

/* Begin PBXResourcesBuildPhase section */
		A0ADA4A8244D2A0200FEAA12 /* Resources */ = {
			isa = PBXResourcesBuildPhase;
			buildActionMask = 2147483647;
			files = (
			);
			runOnlyForDeploymentPostprocessing = 0;
		};
/* End PBXResourcesBuildPhase section */

/* Begin PBXShellScriptBuildPhase section */
		B0462217ED83CEFFAF035F29 /* [CP] Check Pods Manifest.lock */ = {
			isa = PBXShellScriptBuildPhase;
			buildActionMask = 2147483647;
			files = (
			);
			inputFileListPaths = (
			);
			inputPaths = (
				"${PODS_PODFILE_DIR_PATH}/Podfile.lock",
				"${PODS_ROOT}/Manifest.lock",
			);
			name = "[CP] Check Pods Manifest.lock";
			outputFileListPaths = (
			);
			outputPaths = (
				"$(DERIVED_FILE_DIR)/Pods-FruityServer-checkManifestLockResult.txt",
			);
			runOnlyForDeploymentPostprocessing = 0;
			shellPath = /bin/sh;
			shellScript = "diff \"${PODS_PODFILE_DIR_PATH}/Podfile.lock\" \"${PODS_ROOT}/Manifest.lock\" > /dev/null\nif [ $? != 0 ] ; then\n    # print error to STDERR\n    echo \"error: The sandbox is not in sync with the Podfile.lock. Run 'pod install' or update your CocoaPods installation.\" >&2\n    exit 1\nfi\n# This output is used by Xcode 'outputs' to avoid re-running this script phase.\necho \"SUCCESS\" > \"${SCRIPT_OUTPUT_FILE_0}\"\n";
			showEnvVarsInLog = 0;
		};
		FBEB74DF891BE7A43697AB0F /* [CP] Embed Pods Frameworks */ = {
			isa = PBXShellScriptBuildPhase;
			buildActionMask = 2147483647;
			files = (
			);
			inputFileListPaths = (
				"${PODS_ROOT}/Target Support Files/Pods-FruityServer/Pods-FruityServer-frameworks-${CONFIGURATION}-input-files.xcfilelist",
			);
			name = "[CP] Embed Pods Frameworks";
			outputFileListPaths = (
				"${PODS_ROOT}/Target Support Files/Pods-FruityServer/Pods-FruityServer-frameworks-${CONFIGURATION}-output-files.xcfilelist",
			);
			runOnlyForDeploymentPostprocessing = 0;
			shellPath = /bin/sh;
			shellScript = "\"${PODS_ROOT}/Target Support Files/Pods-FruityServer/Pods-FruityServer-frameworks.sh\"\n";
			showEnvVarsInLog = 0;
		};
/* End PBXShellScriptBuildPhase section */

/* Begin PBXSourcesBuildPhase section */
		A0ADA4A6244D2A0200FEAA12 /* Sources */ = {
			isa = PBXSourcesBuildPhase;
			buildActionMask = 2147483647;
			files = (
				A0ADA4BC244D2AEF00FEAA12 /* main.swift in Sources */,
				A0ADA4AE244D2A0200FEAA12 /* AppDelegate.swift in Sources */,
			);
			runOnlyForDeploymentPostprocessing = 0;
		};
/* End PBXSourcesBuildPhase section */

/* Begin XCBuildConfiguration section */
		A0ADA4B6244D2A0300FEAA12 /* Debug */ = {
			isa = XCBuildConfiguration;
			buildSettings = {
				ALWAYS_SEARCH_USER_PATHS = NO;
				CLANG_ANALYZER_NONNULL = YES;
				CLANG_ANALYZER_NUMBER_OBJECT_CONVERSION = YES_AGGRESSIVE;
				CLANG_CXX_LANGUAGE_STANDARD = "gnu++14";
				CLANG_CXX_LIBRARY = "libc++";
				CLANG_ENABLE_MODULES = YES;
				CLANG_ENABLE_OBJC_ARC = YES;
				CLANG_ENABLE_OBJC_WEAK = YES;
				CLANG_WARN_BLOCK_CAPTURE_AUTORELEASING = YES;
				CLANG_WARN_BOOL_CONVERSION = YES;
				CLANG_WARN_COMMA = YES;
				CLANG_WARN_CONSTANT_CONVERSION = YES;
				CLANG_WARN_DEPRECATED_OBJC_IMPLEMENTATIONS = YES;
				CLANG_WARN_DIRECT_OBJC_ISA_USAGE = YES_ERROR;
				CLANG_WARN_DOCUMENTATION_COMMENTS = YES;
				CLANG_WARN_EMPTY_BODY = YES;
				CLANG_WARN_ENUM_CONVERSION = YES;
				CLANG_WARN_INFINITE_RECURSION = YES;
				CLANG_WARN_INT_CONVERSION = YES;
				CLANG_WARN_NON_LITERAL_NULL_CONVERSION = YES;
				CLANG_WARN_OBJC_IMPLICIT_RETAIN_SELF = YES;
				CLANG_WARN_OBJC_LITERAL_CONVERSION = YES;
				CLANG_WARN_OBJC_ROOT_CLASS = YES_ERROR;
				CLANG_WARN_RANGE_LOOP_ANALYSIS = YES;
				CLANG_WARN_STRICT_PROTOTYPES = YES;
				CLANG_WARN_SUSPICIOUS_MOVE = YES;
				CLANG_WARN_UNGUARDED_AVAILABILITY = YES_AGGRESSIVE;
				CLANG_WARN_UNREACHABLE_CODE = YES;
				CLANG_WARN__DUPLICATE_METHOD_MATCH = YES;
				COPY_PHASE_STRIP = NO;
				DEBUG_INFORMATION_FORMAT = dwarf;
				ENABLE_STRICT_OBJC_MSGSEND = YES;
				ENABLE_TESTABILITY = YES;
				GCC_C_LANGUAGE_STANDARD = gnu11;
				GCC_DYNAMIC_NO_PIC = NO;
				GCC_NO_COMMON_BLOCKS = YES;
				GCC_OPTIMIZATION_LEVEL = 0;
				GCC_PREPROCESSOR_DEFINITIONS = (
					"DEBUG=1",
					"$(inherited)",
				);
				GCC_WARN_64_TO_32_BIT_CONVERSION = YES;
				GCC_WARN_ABOUT_RETURN_TYPE = YES_ERROR;
				GCC_WARN_UNDECLARED_SELECTOR = YES;
				GCC_WARN_UNINITIALIZED_AUTOS = YES_AGGRESSIVE;
				GCC_WARN_UNUSED_FUNCTION = YES;
				GCC_WARN_UNUSED_VARIABLE = YES;
				MACOSX_DEPLOYMENT_TARGET = 10.15;
				MTL_ENABLE_DEBUG_INFO = INCLUDE_SOURCE;
				MTL_FAST_MATH = YES;
				ONLY_ACTIVE_ARCH = YES;
				SDKROOT = macosx;
				SWIFT_ACTIVE_COMPILATION_CONDITIONS = DEBUG;
				SWIFT_OPTIMIZATION_LEVEL = "-Onone";
			};
			name = Debug;
		};
		A0ADA4B7244D2A0300FEAA12 /* Release */ = {
			isa = XCBuildConfiguration;
			buildSettings = {
				ALWAYS_SEARCH_USER_PATHS = NO;
				CLANG_ANALYZER_NONNULL = YES;
				CLANG_ANALYZER_NUMBER_OBJECT_CONVERSION = YES_AGGRESSIVE;
				CLANG_CXX_LANGUAGE_STANDARD = "gnu++14";
				CLANG_CXX_LIBRARY = "libc++";
				CLANG_ENABLE_MODULES = YES;
				CLANG_ENABLE_OBJC_ARC = YES;
				CLANG_ENABLE_OBJC_WEAK = YES;
				CLANG_WARN_BLOCK_CAPTURE_AUTORELEASING = YES;
				CLANG_WARN_BOOL_CONVERSION = YES;
				CLANG_WARN_COMMA = YES;
				CLANG_WARN_CONSTANT_CONVERSION = YES;
				CLANG_WARN_DEPRECATED_OBJC_IMPLEMENTATIONS = YES;
				CLANG_WARN_DIRECT_OBJC_ISA_USAGE = YES_ERROR;
				CLANG_WARN_DOCUMENTATION_COMMENTS = YES;
				CLANG_WARN_EMPTY_BODY = YES;
				CLANG_WARN_ENUM_CONVERSION = YES;
				CLANG_WARN_INFINITE_RECURSION = YES;
				CLANG_WARN_INT_CONVERSION = YES;
				CLANG_WARN_NON_LITERAL_NULL_CONVERSION = YES;
				CLANG_WARN_OBJC_IMPLICIT_RETAIN_SELF = YES;
				CLANG_WARN_OBJC_LITERAL_CONVERSION = YES;
				CLANG_WARN_OBJC_ROOT_CLASS = YES_ERROR;
				CLANG_WARN_RANGE_LOOP_ANALYSIS = YES;
				CLANG_WARN_STRICT_PROTOTYPES = YES;
				CLANG_WARN_SUSPICIOUS_MOVE = YES;
				CLANG_WARN_UNGUARDED_AVAILABILITY = YES_AGGRESSIVE;
				CLANG_WARN_UNREACHABLE_CODE = YES;
				CLANG_WARN__DUPLICATE_METHOD_MATCH = YES;
				COPY_PHASE_STRIP = NO;
				DEBUG_INFORMATION_FORMAT = "dwarf-with-dsym";
				ENABLE_NS_ASSERTIONS = NO;
				ENABLE_STRICT_OBJC_MSGSEND = YES;
				GCC_C_LANGUAGE_STANDARD = gnu11;
				GCC_NO_COMMON_BLOCKS = YES;
				GCC_WARN_64_TO_32_BIT_CONVERSION = YES;
				GCC_WARN_ABOUT_RETURN_TYPE = YES_ERROR;
				GCC_WARN_UNDECLARED_SELECTOR = YES;
				GCC_WARN_UNINITIALIZED_AUTOS = YES_AGGRESSIVE;
				GCC_WARN_UNUSED_FUNCTION = YES;
				GCC_WARN_UNUSED_VARIABLE = YES;
				MACOSX_DEPLOYMENT_TARGET = 10.15;
				MTL_ENABLE_DEBUG_INFO = NO;
				MTL_FAST_MATH = YES;
				SDKROOT = macosx;
				SWIFT_COMPILATION_MODE = wholemodule;
				SWIFT_OPTIMIZATION_LEVEL = "-O";
			};
			name = Release;
		};
		A0ADA4B9244D2A0300FEAA12 /* Debug */ = {
			isa = XCBuildConfiguration;
			baseConfigurationReference = 12A50794AC9E94261D1EC461 /* Pods-FruityServer.debug.xcconfig */;
			buildSettings = {
				ASSETCATALOG_COMPILER_APPICON_NAME = AppIcon;
				CODE_SIGN_ENTITLEMENTS = FruityServer/FruityServer.entitlements;
				CODE_SIGN_STYLE = Automatic;
				COMBINE_HIDPI_IMAGES = YES;
				CURRENT_PROJECT_VERSION = 3;
				DEVELOPMENT_TEAM = 3D7R27DBRZ;
				ENABLE_HARDENED_RUNTIME = YES;
				FRAMEWORK_SEARCH_PATHS = (
					"$(inherited)",
					"$(PROJECT_DIR)/Carthage/Build/Mac",
				);
				INFOPLIST_FILE = FruityServer/Info.plist;
				LD_RUNPATH_SEARCH_PATHS = (
					"$(inherited)",
					"@executable_path/../Frameworks",
				);
				MARKETING_VERSION = 0.2;
				PRODUCT_BUNDLE_IDENTIFIER = io.edr.fruityrazer;
				PRODUCT_NAME = "$(TARGET_NAME)";
				SWIFT_VERSION = 5.0;
			};
			name = Debug;
		};
		A0ADA4BA244D2A0300FEAA12 /* Release */ = {
			isa = XCBuildConfiguration;
			baseConfigurationReference = AB5710DAD3169C775CB0C9FD /* Pods-FruityServer.release.xcconfig */;
			buildSettings = {
				ASSETCATALOG_COMPILER_APPICON_NAME = AppIcon;
				CODE_SIGN_ENTITLEMENTS = FruityServer/FruityServer.entitlements;
				CODE_SIGN_STYLE = Automatic;
				COMBINE_HIDPI_IMAGES = YES;
				CURRENT_PROJECT_VERSION = 3;
				DEVELOPMENT_TEAM = 3D7R27DBRZ;
				ENABLE_HARDENED_RUNTIME = YES;
				FRAMEWORK_SEARCH_PATHS = (
					"$(inherited)",
					"$(PROJECT_DIR)/Carthage/Build/Mac",
				);
				INFOPLIST_FILE = FruityServer/Info.plist;
				LD_RUNPATH_SEARCH_PATHS = (
					"$(inherited)",
					"@executable_path/../Frameworks",
				);
				MARKETING_VERSION = 0.2;
				PRODUCT_BUNDLE_IDENTIFIER = io.edr.fruityrazer;
				PRODUCT_NAME = "$(TARGET_NAME)";
				SWIFT_VERSION = 5.0;
			};
			name = Release;
		};
/* End XCBuildConfiguration section */

/* Begin XCConfigurationList section */
		A0ADA4A5244D2A0200FEAA12 /* Build configuration list for PBXProject "FruityServer" */ = {
			isa = XCConfigurationList;
			buildConfigurations = (
				A0ADA4B6244D2A0300FEAA12 /* Debug */,
				A0ADA4B7244D2A0300FEAA12 /* Release */,
			);
			defaultConfigurationIsVisible = 0;
			defaultConfigurationName = Release;
		};
		A0ADA4B8244D2A0300FEAA12 /* Build configuration list for PBXNativeTarget "FruityServer" */ = {
			isa = XCConfigurationList;
			buildConfigurations = (
				A0ADA4B9244D2A0300FEAA12 /* Debug */,
				A0ADA4BA244D2A0300FEAA12 /* Release */,
			);
			defaultConfigurationIsVisible = 0;
			defaultConfigurationName = Release;
		};
/* End XCConfigurationList section */
	};
	rootObject = A0ADA4A2244D2A0200FEAA12 /* Project object */;
}
